
Microsoft Visual Studio Solution File, Format Version 12.00
# Visual Studio 14
VisualStudioVersion = 14.0.25420.1
MinimumVisualStudioVersion = 10.0.40219.1
Project("{FAE04EC0-301F-11D3-BF4B-00C04F79EFBC}") = "SportsSocialNetwork", "SportsSocialNetwork\SportsSocialNetwork.csproj", "{72555B78-B7F3-47B8-83A3-16D33ADC256A}"
EndProject
Project("{00D1A9C2-B5F0-4AF3-8072-F6C62B433612}") = "Database", "Database\Database.sqlproj", "{C43594D0-4485-46CE-92F0-69CBE5716889}"
EndProject
Global
	GlobalSection(SolutionConfigurationPlatforms) = preSolution
		Debug|Any CPU = Debug|Any CPU
		Release|Any CPU = Release|Any CPU
	EndGlobalSection
	GlobalSection(ProjectConfigurationPlatforms) = postSolution
		{72555B78-B7F3-47B8-83A3-16D33ADC256A}.Debug|Any CPU.ActiveCfg = Debug|Any CPU
		{72555B78-B7F3-47B8-83A3-16D33ADC256A}.Debug|Any CPU.Build.0 = Debug|Any CPU
		{72555B78-B7F3-47B8-83A3-16D33ADC256A}.Release|Any CPU.ActiveCfg = Release|Any CPU
		{72555B78-B7F3-47B8-83A3-16D33ADC256A}.Release|Any CPU.Build.0 = Release|Any CPU
		{C43594D0-4485-46CE-92F0-69CBE5716889}.Debug|Any CPU.ActiveCfg = Debug|Any CPU
		{C43594D0-4485-46CE-92F0-69CBE5716889}.Debug|Any CPU.Build.0 = Debug|Any CPU
		{C43594D0-4485-46CE-92F0-69CBE5716889}.Debug|Any CPU.Deploy.0 = Debug|Any CPU
		{C43594D0-4485-46CE-92F0-69CBE5716889}.Release|Any CPU.ActiveCfg = Release|Any CPU
		{C43594D0-4485-46CE-92F0-69CBE5716889}.Release|Any CPU.Build.0 = Release|Any CPU
		{C43594D0-4485-46CE-92F0-69CBE5716889}.Release|Any CPU.Deploy.0 = Release|Any CPU
	EndGlobalSection
	GlobalSection(SolutionProperties) = preSolution
		HideSolutionNode = FALSE
	EndGlobalSection
EndGlobal
